
Microsoft Visual Studio Solution File, Format Version 12.00
# Visual Studio 15
VisualStudioVersion = 15.0.27428.2005
MinimumVisualStudioVersion = 10.0.40219.1
Project("{FAE04EC0-301F-11D3-BF4B-00C04F79EFBC}") = "CodingExercise", "CodingExercise\CodingExercise.csproj", "{8CD3815F-454D-40C0-9E29-82A96016956E}"
EndProject
Project("{FAE04EC0-301F-11D3-BF4B-00C04F79EFBC}") = "ProximityTests", "ProximityTests\ProximityTests.csproj", "{5BC3E11F-AEB4-4D8A-83A7-31F8C655EB18}"
EndProject
Global
	GlobalSection(SolutionConfigurationPlatforms) = preSolution
		Debug|Any CPU = Debug|Any CPU
		Release|Any CPU = Release|Any CPU
	EndGlobalSection
	GlobalSection(ProjectConfigurationPlatforms) = postSolution
		{8CD3815F-454D-40C0-9E29-82A96016956E}.Debug|Any CPU.ActiveCfg = Debug|Any CPU
		{8CD3815F-454D-40C0-9E29-82A96016956E}.Debug|Any CPU.Build.0 = Debug|Any CPU
		{8CD3815F-454D-40C0-9E29-82A96016956E}.Release|Any CPU.ActiveCfg = Release|Any CPU
		{8CD3815F-454D-40C0-9E29-82A96016956E}.Release|Any CPU.Build.0 = Release|Any CPU
		{5BC3E11F-AEB4-4D8A-83A7-31F8C655EB18}.Debug|Any CPU.ActiveCfg = Debug|Any CPU
		{5BC3E11F-AEB4-4D8A-83A7-31F8C655EB18}.Debug|Any CPU.Build.0 = Debug|Any CPU
		{5BC3E11F-AEB4-4D8A-83A7-31F8C655EB18}.Release|Any CPU.ActiveCfg = Release|Any CPU
		{5BC3E11F-AEB4-4D8A-83A7-31F8C655EB18}.Release|Any CPU.Build.0 = Release|Any CPU
	EndGlobalSection
	GlobalSection(SolutionProperties) = preSolution
		HideSolutionNode = FALSE
	EndGlobalSection
	GlobalSection(ExtensibilityGlobals) = postSolution
		SolutionGuid = {049AD96A-1159-47D9-8C02-F0DC2FE9B867}
	EndGlobalSection
EndGlobal
